
Microsoft Visual Studio Solution File, Format Version 12.00
# Visual Studio 14
VisualStudioVersion = 14.0.25420.1
MinimumVisualStudioVersion = 10.0.40219.1
Project("{FAE04EC0-301F-11D3-BF4B-00C04F79EFBC}") = "MedicalDocManagment.UsersDAL", "MedicalDocManagment.UsersDAL\MedicalDocManagment.UsersDAL.csproj", "{7B77EA9E-B651-4A0E-BB9C-C2F611872B02}"
EndProject
Project("{FAE04EC0-301F-11D3-BF4B-00C04F79EFBC}") = "MedicalDocManagment.SharedUI", "MedicalDocManagment.SharedUI\MedicalDocManagment.SharedUI.csproj", "{33EF8949-BC26-460F-9ACE-E0441A08CD50}"
	ProjectSection(ProjectDependencies) = postProject
		{BE2B1067-D683-4C50-A3D2-DFC0699D36E6} = {BE2B1067-D683-4C50-A3D2-DFC0699D36E6}
		{8FA0EC88-699C-428B-8750-41908145BFD3} = {8FA0EC88-699C-428B-8750-41908145BFD3}
	EndProjectSection
EndProject
Project("{FAE04EC0-301F-11D3-BF4B-00C04F79EFBC}") = "MedicalDocManagment.AdminUI", "MedicalDocManagment.AdminUI\MedicalDocManagment.AdminUI.csproj", "{BE2B1067-D683-4C50-A3D2-DFC0699D36E6}"
EndProject
Project("{FAE04EC0-301F-11D3-BF4B-00C04F79EFBC}") = "MedicalDocManagment.UsersUI", "MedicalDocManagment.UsersUI\MedicalDocManagment.UsersUI.csproj", "{8FA0EC88-699C-428B-8750-41908145BFD3}"
EndProject
Global
	GlobalSection(SolutionConfigurationPlatforms) = preSolution
		Debug|Any CPU = Debug|Any CPU
		Release|Any CPU = Release|Any CPU
	EndGlobalSection
	GlobalSection(ProjectConfigurationPlatforms) = postSolution
		{7B77EA9E-B651-4A0E-BB9C-C2F611872B02}.Debug|Any CPU.ActiveCfg = Debug|Any CPU
		{7B77EA9E-B651-4A0E-BB9C-C2F611872B02}.Debug|Any CPU.Build.0 = Debug|Any CPU
		{7B77EA9E-B651-4A0E-BB9C-C2F611872B02}.Release|Any CPU.ActiveCfg = Release|Any CPU
		{7B77EA9E-B651-4A0E-BB9C-C2F611872B02}.Release|Any CPU.Build.0 = Release|Any CPU
		{33EF8949-BC26-460F-9ACE-E0441A08CD50}.Debug|Any CPU.ActiveCfg = Debug|Any CPU
		{33EF8949-BC26-460F-9ACE-E0441A08CD50}.Debug|Any CPU.Build.0 = Debug|Any CPU
		{33EF8949-BC26-460F-9ACE-E0441A08CD50}.Release|Any CPU.ActiveCfg = Release|Any CPU
		{33EF8949-BC26-460F-9ACE-E0441A08CD50}.Release|Any CPU.Build.0 = Release|Any CPU
		{BE2B1067-D683-4C50-A3D2-DFC0699D36E6}.Debug|Any CPU.ActiveCfg = Debug|Any CPU
		{BE2B1067-D683-4C50-A3D2-DFC0699D36E6}.Debug|Any CPU.Build.0 = Debug|Any CPU
		{BE2B1067-D683-4C50-A3D2-DFC0699D36E6}.Release|Any CPU.ActiveCfg = Release|Any CPU
		{BE2B1067-D683-4C50-A3D2-DFC0699D36E6}.Release|Any CPU.Build.0 = Release|Any CPU
		{8FA0EC88-699C-428B-8750-41908145BFD3}.Debug|Any CPU.ActiveCfg = Debug|Any CPU
		{8FA0EC88-699C-428B-8750-41908145BFD3}.Debug|Any CPU.Build.0 = Debug|Any CPU
		{8FA0EC88-699C-428B-8750-41908145BFD3}.Release|Any CPU.ActiveCfg = Release|Any CPU
		{8FA0EC88-699C-428B-8750-41908145BFD3}.Release|Any CPU.Build.0 = Release|Any CPU
	EndGlobalSection
	GlobalSection(SolutionProperties) = preSolution
		HideSolutionNode = FALSE
	EndGlobalSection
EndGlobal
